
Microsoft Visual Studio Solution File, Format Version 12.00
# Visual Studio Version 17
VisualStudioVersion = 17.14.36109.1 d17.14
MinimumVisualStudioVersion = 10.0.40219.1
Project("{FAE04EC0-301F-11D3-BF4B-00C04F79EFBC}") = "azure4", "azure4\azure4.csproj", "{7BCE8354-7580-4F5A-958E-759908020695}"
EndProject
Global
	GlobalSection(SolutionConfigurationPlatforms) = preSolution
		Debug|Any CPU = Debug|Any CPU
		Release|Any CPU = Release|Any CPU
	EndGlobalSection
	GlobalSection(ProjectConfigurationPlatforms) = postSolution
		{7BCE8354-7580-4F5A-958E-759908020695}.Debug|Any CPU.ActiveCfg = Debug|Any CPU
		{7BCE8354-7580-4F5A-958E-759908020695}.Debug|Any CPU.Build.0 = Debug|Any CPU
		{7BCE8354-7580-4F5A-958E-759908020695}.Release|Any CPU.ActiveCfg = Release|Any CPU
		{7BCE8354-7580-4F5A-958E-759908020695}.Release|Any CPU.Build.0 = Release|Any CPU
	EndGlobalSection
	GlobalSection(SolutionProperties) = preSolution
		HideSolutionNode = FALSE
	EndGlobalSection
	GlobalSection(ExtensibilityGlobals) = postSolution
		SolutionGuid = {BB7D96ED-6BB5-460D-B083-0F8153242B87}
	EndGlobalSection
EndGlobal
